{
    "_meta": {
        "hash": {
            "sha256": "531ce81e53e824cb1cd847f37c321edf7a916e63eb86d5a0d1eec08e10f60638"
        },
        "pipfile-spec": 6,
        "requires": {
            "python_version": "3.10"
        },
        "sources": [
            {
                "name": "pypi",
                "url": "https://pypi.org/simple",
                "verify_ssl": true
            }
        ]
    },
    "default": {
        "dice": {
            "hashes": [
                "sha256:64305a094bf896bb81ec7d0cc24846202c8b52767f4661d052fda34e9d1d2774",
                "sha256:e3df477cfd7327f630867311169202db0cab67acf4de96c863c5c42623c5d4f4"
            ],
            "index": "pypi",
            "version": "==3.1.2"
        },
        "docopt": {
            "hashes": [
                "sha256:49b3a825280bd66b3aa83585ef59c4a8c82f2c8a522dbe754a8bc8d08c85c491"
            ],
            "version": "==0.6.2"
        },
        "pyparsing": {
            "hashes": [
                "sha256:18ee9022775d270c55187733956460083db60b37d0d0fb357445f3094eed3eea",
                "sha256:a6c06a88f252e6c322f65faf8f418b16213b51bdfaece0524c1c1bc30c63c484"
            ],
            "markers": "python_version >= '3.6'",
            "version": "==3.0.7"
        }
    },
    "develop": {}
}
